// !$*UTF8*$!
{
	archiveVersion = 1;
	classes = {
	};
	objectVersion = 46;
	objects = {

/* Begin PBXFileReference section */
		60193DAE15E405D7003094EC /* bin */ = {isa = PBXFileReference; lastKnownFileType = folder; name = bin; path = ../../bin; sourceTree = "<group>"; };
		60193DAF15E405D7003094EC /* include */ = {isa = PBXFileReference; lastKnownFileType = folder; name = include; path = ../../include; sourceTree = "<group>"; };
		60193DB015E405D7003094EC /* src */ = {isa = PBXFileReference; lastKnownFileType = folder; name = src; path = ../../src; sourceTree = "<group>"; };
		60193DB115E406B7003094EC /* tests */ = {isa = PBXFileReference; lastKnownFileType = folder; name = tests; path = ../../tests; sourceTree = "<group>"; };
		6027ADF815E9442400307BE7 /* README.md */ = {isa = PBXFileReference; lastKnownFileType = text; name = README.md; path = ../../README.md; sourceTree = "<group>"; };
		6027ADFA15E9442C00307BE7 /* prototype */ = {isa = PBXFileReference; lastKnownFileType = folder; name = prototype; path = ../../prototype; sourceTree = "<group>"; };
/* End PBXFileReference section */

/* Begin PBXGroup section */
		60193DA515E405C4003094EC = {
			isa = PBXGroup;
			children = (
				6027ADF815E9442400307BE7 /* README.md */,
				6027ADFA15E9442C00307BE7 /* prototype */,
				60193DAE15E405D7003094EC /* bin */,
				60193DAF15E405D7003094EC /* include */,
				60193DB015E405D7003094EC /* src */,
				60193DB115E406B7003094EC /* tests */,
			);
			sourceTree = "<group>";
		};
/* End PBXGroup section */

/* Begin PBXProject section */
		60193DA715E405C4003094EC /* Project object */ = {
			isa = PBXProject;
			attributes = {
				LastUpgradeCheck = 0420;
				ORGANIZATIONNAME = "Sumner High/WebSprockets";
			};
			buildConfigurationList = 60193DAA15E405C4003094EC /* Build configuration list for PBXProject "TV4X" */;
			compatibilityVersion = "Xcode 3.2";
			developmentRegion = English;
			hasScannedForEncodings = 0;
			knownRegions = (
				en,
			);
			mainGroup = 60193DA515E405C4003094EC;
			projectDirPath = "";
			projectRoot = "";
			targets = (
			);
		};
/* End PBXProject section */

/* Begin XCBuildConfiguration section */
		60193DAC15E405C4003094EC /* Debug */ = {
			isa = XCBuildConfiguration;
			buildSettings = {
			};
			name = Debug;
		};
		60193DAD15E405C4003094EC /* Release */ = {
			isa = XCBuildConfiguration;
			buildSettings = {
			};
			name = Release;
		};
/* End XCBuildConfiguration section */

/* Begin XCConfigurationList section */
		60193DAA15E405C4003094EC /* Build configuration list for PBXProject "TV4X" */ = {
			isa = XCConfigurationList;
			buildConfigurations = (
				60193DAC15E405C4003094EC /* Debug */,
				60193DAD15E405C4003094EC /* Release */,
			);
			defaultConfigurationIsVisible = 0;
			defaultConfigurationName = Release;
		};
/* End XCConfigurationList section */
	};
	rootObject = 60193DA715E405C4003094EC /* Project object */;
}
